
Microsoft Visual Studio Solution File, Format Version 12.00
# Visual Studio Version 17
VisualStudioVersion = 17.5.33530.505
MinimumVisualStudioVersion = 10.0.40219.1
Project("{9A19103F-16F7-4668-BE54-9A1E7A4F7556}") = "Basic_OOPS-Concepts", "Basic_OOPS-Concepts\Basic_OOPS-Concepts.csproj", "{B66B5842-69AC-4737-B410-B70A2234AC0E}"
EndProject
Global
	GlobalSection(SolutionConfigurationPlatforms) = preSolution
		Debug|Any CPU = Debug|Any CPU
		Release|Any CPU = Release|Any CPU
	EndGlobalSection
	GlobalSection(ProjectConfigurationPlatforms) = postSolution
		{B66B5842-69AC-4737-B410-B70A2234AC0E}.Debug|Any CPU.ActiveCfg = Debug|Any CPU
		{B66B5842-69AC-4737-B410-B70A2234AC0E}.Debug|Any CPU.Build.0 = Debug|Any CPU
		{B66B5842-69AC-4737-B410-B70A2234AC0E}.Release|Any CPU.ActiveCfg = Release|Any CPU
		{B66B5842-69AC-4737-B410-B70A2234AC0E}.Release|Any CPU.Build.0 = Release|Any CPU
	EndGlobalSection
	GlobalSection(SolutionProperties) = preSolution
		HideSolutionNode = FALSE
	EndGlobalSection
	GlobalSection(ExtensibilityGlobals) = postSolution
		SolutionGuid = {1297DCF8-14BB-417C-BB68-7689B8317923}
	EndGlobalSection
EndGlobal
